
Microsoft Visual Studio Solution File, Format Version 12.00
# Visual Studio Version 16
VisualStudioVersion = 16.0.31729.503
MinimumVisualStudioVersion = 10.0.40219.1
Project("{FAE04EC0-301F-11D3-BF4B-00C04F79EFBC}") = "CustomCalendar", "CustomCalendar\CustomCalendar.csproj", "{F81D47BB-A372-4900-8FBD-9D8277DD2C14}"
EndProject
Global
	GlobalSection(SolutionConfigurationPlatforms) = preSolution
		Debug|Any CPU = Debug|Any CPU
		Release|Any CPU = Release|Any CPU
	EndGlobalSection
	GlobalSection(ProjectConfigurationPlatforms) = postSolution
		{F81D47BB-A372-4900-8FBD-9D8277DD2C14}.Debug|Any CPU.ActiveCfg = Debug|Any CPU
		{F81D47BB-A372-4900-8FBD-9D8277DD2C14}.Debug|Any CPU.Build.0 = Debug|Any CPU
		{F81D47BB-A372-4900-8FBD-9D8277DD2C14}.Release|Any CPU.ActiveCfg = Release|Any CPU
		{F81D47BB-A372-4900-8FBD-9D8277DD2C14}.Release|Any CPU.Build.0 = Release|Any CPU
	EndGlobalSection
	GlobalSection(SolutionProperties) = preSolution
		HideSolutionNode = FALSE
	EndGlobalSection
	GlobalSection(ExtensibilityGlobals) = postSolution
		SolutionGuid = {55DBBCF4-AC5E-4567-AE0B-9D40CE56F3CB}
	EndGlobalSection
EndGlobal
